# This file is automatically @generated by Cargo.
# It is not intended for manual editing.
version = 3

[[package]]
name = "aho-corasick"
version = "0.7.19"
source = "registry+https://github.com/rust-lang/crates.io-index"
checksum = "b4f55bd91a0978cbfd91c457a164bab8b4001c833b7f323132c0a4e1922dd44e"
dependencies = [
 "memchr",
]

[[package]]
name = "d01"
version = "0.1.0"

[[package]]
name = "d02"
version = "0.1.0"

[[package]]
name = "d03"
version = "0.1.0"

[[package]]
name = "d04"
version = "0.1.0"
dependencies = [
 "md5",
]

[[package]]
name = "d05"
version = "0.1.0"
dependencies = [
 "itertools 0.9.0",
 "md5",
]

[[package]]
name = "d06"
version = "0.1.0"
dependencies = [
 "itertools 0.9.0",
]

[[package]]
name = "d07"
version = "0.1.0"

[[package]]
name = "d08"
version = "0.1.0"
dependencies = [
 "regex",
 "serde_json",
]

[[package]]
name = "d09"
version = "0.1.0"
dependencies = [
 "itertools 0.10.5",
]

[[package]]
name = "d10"
version = "0.1.0"

[[package]]
name = "d11"
version = "0.1.0"
dependencies = [
 "itertools 0.10.5",
]

[[package]]
name = "d12"
version = "0.1.0"
dependencies = [
 "serde_json",
]

[[package]]
name = "d13"
version = "0.1.0"
dependencies = [
 "itertools 0.10.5",
]

[[package]]
name = "d14"
version = "0.1.0"

[[package]]
name = "d15"
version = "0.1.0"
dependencies = [
 "itertools 0.10.5",
 "regex",
]

[[package]]
name = "d16"
version = "0.1.0"
dependencies = [
 "regex",
]

[[package]]
name = "d17"
version = "0.1.0"
dependencies = [
 "itertools 0.10.5",
]

[[package]]
name = "d18"
version = "0.1.0"
dependencies = [
 "itertools 0.10.5",
]

[[package]]
name = "either"
version = "1.6.1"
source = "registry+https://github.com/rust-lang/crates.io-index"
checksum = "e78d4f1cc4ae33bbfc157ed5d5a5ef3bc29227303d595861deb238fcec4e9457"

[[package]]
name = "itertools"
version = "0.9.0"
source = "registry+https://github.com/rust-lang/crates.io-index"
checksum = "284f18f85651fe11e8a991b2adb42cb078325c996ed026d994719efcfca1d54b"
dependencies = [
 "either",
]

[[package]]
name = "itertools"
version = "0.10.5"
source = "registry+https://github.com/rust-lang/crates.io-index"
checksum = "b0fd2260e829bddf4cb6ea802289de2f86d6a7a690192fbe91b3f46e0f2c8473"
dependencies = [
 "either",
]

[[package]]
name = "itoa"
version = "1.0.4"
source = "registry+https://github.com/rust-lang/crates.io-index"
checksum = "4217ad341ebadf8d8e724e264f13e593e0648f5b3e94b3896a5df283be015ecc"

[[package]]
name = "md5"
version = "0.7.0"
source = "registry+https://github.com/rust-lang/crates.io-index"
checksum = "490cc448043f947bae3cbee9c203358d62dbee0db12107a74be5c30ccfd09771"

[[package]]
name = "memchr"
version = "2.5.0"
source = "registry+https://github.com/rust-lang/crates.io-index"
checksum = "2dffe52ecf27772e601905b7522cb4ef790d2cc203488bbd0e2fe85fcb74566d"

[[package]]
name = "regex"
version = "1.6.0"
source = "registry+https://github.com/rust-lang/crates.io-index"
checksum = "4c4eb3267174b8c6c2f654116623910a0fef09c4753f8dd83db29c48a0df988b"
dependencies = [
 "aho-corasick",
 "memchr",
 "regex-syntax",
]

[[package]]
name = "regex-syntax"
version = "0.6.27"
source = "registry+https://github.com/rust-lang/crates.io-index"
checksum = "a3f87b73ce11b1619a3c6332f45341e0047173771e8b8b73f87bfeefb7b56244"

[[package]]
name = "ryu"
version = "1.0.11"
source = "registry+https://github.com/rust-lang/crates.io-index"
checksum = "4501abdff3ae82a1c1b477a17252eb69cee9e66eb915c1abaa4f44d873df9f09"

[[package]]
name = "serde"
version = "1.0.145"
source = "registry+https://github.com/rust-lang/crates.io-index"
checksum = "728eb6351430bccb993660dfffc5a72f91ccc1295abaa8ce19b27ebe4f75568b"

[[package]]
name = "serde_json"
version = "1.0.86"
source = "registry+https://github.com/rust-lang/crates.io-index"
checksum = "41feea4228a6f1cd09ec7a3593a682276702cd67b5273544757dae23c096f074"
dependencies = [
 "itoa",
 "ryu",
 "serde",
]
